
Microsoft Visual Studio Solution File, Format Version 12.00
# Visual Studio 15
VisualStudioVersion = 15.0.27703.2018
MinimumVisualStudioVersion = 10.0.40219.1
Project("{FAE04EC0-301F-11D3-BF4B-00C04F79EFBC}") = "Partial Classes", "Partial Classes\Partial Classes.csproj", "{CC56C916-B5B5-44A6-8FFB-9BBBD01A3ECB}"
EndProject
Global
	GlobalSection(SolutionConfigurationPlatforms) = preSolution
		Debug|Any CPU = Debug|Any CPU
		Release|Any CPU = Release|Any CPU
	EndGlobalSection
	GlobalSection(ProjectConfigurationPlatforms) = postSolution
		{CC56C916-B5B5-44A6-8FFB-9BBBD01A3ECB}.Debug|Any CPU.ActiveCfg = Debug|Any CPU
		{CC56C916-B5B5-44A6-8FFB-9BBBD01A3ECB}.Debug|Any CPU.Build.0 = Debug|Any CPU
		{CC56C916-B5B5-44A6-8FFB-9BBBD01A3ECB}.Release|Any CPU.ActiveCfg = Release|Any CPU
		{CC56C916-B5B5-44A6-8FFB-9BBBD01A3ECB}.Release|Any CPU.Build.0 = Release|Any CPU
	EndGlobalSection
	GlobalSection(SolutionProperties) = preSolution
		HideSolutionNode = FALSE
	EndGlobalSection
	GlobalSection(ExtensibilityGlobals) = postSolution
		SolutionGuid = {E82E0905-0849-4A5A-A109-2E91FF84240E}
	EndGlobalSection
EndGlobal
