
Microsoft Visual Studio Solution File, Format Version 12.00
# Visual Studio 15
VisualStudioVersion = 15.0.27703.2018
MinimumVisualStudioVersion = 10.0.40219.1
Project("{FAE04EC0-301F-11D3-BF4B-00C04F79EFBC}") = "TestApp", "TestApp\TestApp.csproj", "{684C048E-481D-4A12-8B25-8323FA8D3157}"
EndProject
Global
	GlobalSection(SolutionConfigurationPlatforms) = preSolution
		Debug|Any CPU = Debug|Any CPU
		Release|Any CPU = Release|Any CPU
	EndGlobalSection
	GlobalSection(ProjectConfigurationPlatforms) = postSolution
		{684C048E-481D-4A12-8B25-8323FA8D3157}.Debug|Any CPU.ActiveCfg = Debug|Any CPU
		{684C048E-481D-4A12-8B25-8323FA8D3157}.Debug|Any CPU.Build.0 = Debug|Any CPU
		{684C048E-481D-4A12-8B25-8323FA8D3157}.Release|Any CPU.ActiveCfg = Release|Any CPU
		{684C048E-481D-4A12-8B25-8323FA8D3157}.Release|Any CPU.Build.0 = Release|Any CPU
	EndGlobalSection
	GlobalSection(SolutionProperties) = preSolution
		HideSolutionNode = FALSE
	EndGlobalSection
	GlobalSection(ExtensibilityGlobals) = postSolution
		SolutionGuid = {8ED98987-C4F8-434A-BD2C-3619B13703D7}
	EndGlobalSection
EndGlobal
