
Microsoft Visual Studio Solution File, Format Version 12.00
# Visual Studio 15
VisualStudioVersion = 15.0.27703.2018
MinimumVisualStudioVersion = 10.0.40219.1
Project("{FAE04EC0-301F-11D3-BF4B-00C04F79EFBC}") = "Working With Date Time", "Working With Date Time\Working With Date Time.csproj", "{A9F18890-20D7-4226-9E33-5D72875ACAB5}"
EndProject
Global
	GlobalSection(SolutionConfigurationPlatforms) = preSolution
		Debug|Any CPU = Debug|Any CPU
		Release|Any CPU = Release|Any CPU
	EndGlobalSection
	GlobalSection(ProjectConfigurationPlatforms) = postSolution
		{A9F18890-20D7-4226-9E33-5D72875ACAB5}.Debug|Any CPU.ActiveCfg = Debug|Any CPU
		{A9F18890-20D7-4226-9E33-5D72875ACAB5}.Debug|Any CPU.Build.0 = Debug|Any CPU
		{A9F18890-20D7-4226-9E33-5D72875ACAB5}.Release|Any CPU.ActiveCfg = Release|Any CPU
		{A9F18890-20D7-4226-9E33-5D72875ACAB5}.Release|Any CPU.Build.0 = Release|Any CPU
	EndGlobalSection
	GlobalSection(SolutionProperties) = preSolution
		HideSolutionNode = FALSE
	EndGlobalSection
	GlobalSection(ExtensibilityGlobals) = postSolution
		SolutionGuid = {287988A4-B0FC-4708-A4A4-EE3BFC427375}
	EndGlobalSection
EndGlobal
