
Microsoft Visual Studio Solution File, Format Version 12.00
# Visual Studio 15
VisualStudioVersion = 15.0.27703.2018
MinimumVisualStudioVersion = 10.0.40219.1
Project("{FAE04EC0-301F-11D3-BF4B-00C04F79EFBC}") = "Lambda", "Lambda\Lambda.csproj", "{8A76644A-AE1F-4C23-B1AA-F361206D01BC}"
EndProject
Global
	GlobalSection(SolutionConfigurationPlatforms) = preSolution
		Debug|Any CPU = Debug|Any CPU
		Release|Any CPU = Release|Any CPU
	EndGlobalSection
	GlobalSection(ProjectConfigurationPlatforms) = postSolution
		{8A76644A-AE1F-4C23-B1AA-F361206D01BC}.Debug|Any CPU.ActiveCfg = Debug|Any CPU
		{8A76644A-AE1F-4C23-B1AA-F361206D01BC}.Debug|Any CPU.Build.0 = Debug|Any CPU
		{8A76644A-AE1F-4C23-B1AA-F361206D01BC}.Release|Any CPU.ActiveCfg = Release|Any CPU
		{8A76644A-AE1F-4C23-B1AA-F361206D01BC}.Release|Any CPU.Build.0 = Release|Any CPU
	EndGlobalSection
	GlobalSection(SolutionProperties) = preSolution
		HideSolutionNode = FALSE
	EndGlobalSection
	GlobalSection(ExtensibilityGlobals) = postSolution
		SolutionGuid = {965605AA-3563-4243-AC91-FD37B2EC635F}
	EndGlobalSection
EndGlobal
